
Microsoft Visual Studio Solution File, Format Version 12.00
# Visual Studio 15
VisualStudioVersion = 15.0.27130.2026
MinimumVisualStudioVersion = 10.0.40219.1
Project("{FAE04EC0-301F-11D3-BF4B-00C04F79EFBC}") = "Asg1Part2", "Asg1Part2\Asg1Part2.csproj", "{679F305E-39F5-40CF-A70D-170148BEFFA7}"
EndProject
Global
	GlobalSection(SolutionConfigurationPlatforms) = preSolution
		Debug|Any CPU = Debug|Any CPU
		Release|Any CPU = Release|Any CPU
	EndGlobalSection
	GlobalSection(ProjectConfigurationPlatforms) = postSolution
		{679F305E-39F5-40CF-A70D-170148BEFFA7}.Debug|Any CPU.ActiveCfg = Debug|Any CPU
		{679F305E-39F5-40CF-A70D-170148BEFFA7}.Debug|Any CPU.Build.0 = Debug|Any CPU
		{679F305E-39F5-40CF-A70D-170148BEFFA7}.Release|Any CPU.ActiveCfg = Release|Any CPU
		{679F305E-39F5-40CF-A70D-170148BEFFA7}.Release|Any CPU.Build.0 = Release|Any CPU
	EndGlobalSection
	GlobalSection(SolutionProperties) = preSolution
		HideSolutionNode = FALSE
	EndGlobalSection
	GlobalSection(ExtensibilityGlobals) = postSolution
		SolutionGuid = {FF2F1136-2F83-431B-8AB0-D203B5C81A7D}
	EndGlobalSection
EndGlobal
