
Microsoft Visual Studio Solution File, Format Version 12.00
# Visual Studio 15
VisualStudioVersion = 15.0.27130.2026
MinimumVisualStudioVersion = 10.0.40219.1
Project("{FAE04EC0-301F-11D3-BF4B-00C04F79EFBC}") = "Asg1Part3", "Asg1Part3\Asg1Part3.csproj", "{5147C425-56CF-4FB7-885F-F7005FA68E49}"
EndProject
Global
	GlobalSection(SolutionConfigurationPlatforms) = preSolution
		Debug|Any CPU = Debug|Any CPU
		Release|Any CPU = Release|Any CPU
	EndGlobalSection
	GlobalSection(ProjectConfigurationPlatforms) = postSolution
		{5147C425-56CF-4FB7-885F-F7005FA68E49}.Debug|Any CPU.ActiveCfg = Debug|Any CPU
		{5147C425-56CF-4FB7-885F-F7005FA68E49}.Debug|Any CPU.Build.0 = Debug|Any CPU
		{5147C425-56CF-4FB7-885F-F7005FA68E49}.Release|Any CPU.ActiveCfg = Release|Any CPU
		{5147C425-56CF-4FB7-885F-F7005FA68E49}.Release|Any CPU.Build.0 = Release|Any CPU
	EndGlobalSection
	GlobalSection(SolutionProperties) = preSolution
		HideSolutionNode = FALSE
	EndGlobalSection
	GlobalSection(ExtensibilityGlobals) = postSolution
		SolutionGuid = {4D033DD6-D316-4BED-9596-5A839A92C671}
	EndGlobalSection
EndGlobal
