
Microsoft Visual Studio Solution File, Format Version 12.00
# Visual Studio 15
VisualStudioVersion = 15.0.27130.2026
MinimumVisualStudioVersion = 10.0.40219.1
Project("{FAE04EC0-301F-11D3-BF4B-00C04F79EFBC}") = "Asg1Part1", "Asg1Part1\Asg1Part1.csproj", "{9DD71328-B971-4718-BF2E-469EF62676C7}"
EndProject
Global
	GlobalSection(SolutionConfigurationPlatforms) = preSolution
		Debug|Any CPU = Debug|Any CPU
		Release|Any CPU = Release|Any CPU
	EndGlobalSection
	GlobalSection(ProjectConfigurationPlatforms) = postSolution
		{9DD71328-B971-4718-BF2E-469EF62676C7}.Debug|Any CPU.ActiveCfg = Debug|Any CPU
		{9DD71328-B971-4718-BF2E-469EF62676C7}.Debug|Any CPU.Build.0 = Debug|Any CPU
		{9DD71328-B971-4718-BF2E-469EF62676C7}.Release|Any CPU.ActiveCfg = Release|Any CPU
		{9DD71328-B971-4718-BF2E-469EF62676C7}.Release|Any CPU.Build.0 = Release|Any CPU
	EndGlobalSection
	GlobalSection(SolutionProperties) = preSolution
		HideSolutionNode = FALSE
	EndGlobalSection
	GlobalSection(ExtensibilityGlobals) = postSolution
		SolutionGuid = {36E36B80-3324-4EE1-B57B-53A2CA8012FB}
	EndGlobalSection
EndGlobal
